
Microsoft Visual Studio Solution File, Format Version 12.00
# Visual Studio Version 17
VisualStudioVersion = 17.9.34728.123
MinimumVisualStudioVersion = 10.0.40219.1
Project("{FAE04EC0-301F-11D3-BF4B-00C04F79EFBC}") = "Currencies", "Currencies\Currencies.csproj", "{C7016D71-7133-49AF-BEB6-DA19ADCEFEC8}"
EndProject
Global
	GlobalSection(SolutionConfigurationPlatforms) = preSolution
		Debug|Any CPU = Debug|Any CPU
		Release|Any CPU = Release|Any CPU
	EndGlobalSection
	GlobalSection(ProjectConfigurationPlatforms) = postSolution
		{C7016D71-7133-49AF-BEB6-DA19ADCEFEC8}.Debug|Any CPU.ActiveCfg = Debug|Any CPU
		{C7016D71-7133-49AF-BEB6-DA19ADCEFEC8}.Debug|Any CPU.Build.0 = Debug|Any CPU
		{C7016D71-7133-49AF-BEB6-DA19ADCEFEC8}.Release|Any CPU.ActiveCfg = Release|Any CPU
		{C7016D71-7133-49AF-BEB6-DA19ADCEFEC8}.Release|Any CPU.Build.0 = Release|Any CPU
	EndGlobalSection
	GlobalSection(SolutionProperties) = preSolution
		HideSolutionNode = FALSE
	EndGlobalSection
	GlobalSection(ExtensibilityGlobals) = postSolution
		SolutionGuid = {3160FDB3-1669-4E99-8883-A543557D9FA9}
	EndGlobalSection
EndGlobal
